
Microsoft Visual Studio Solution File, Format Version 12.00
# Visual Studio Version 17
VisualStudioVersion = 17.0.31710.8
MinimumVisualStudioVersion = 10.0.40219.1
Project("{FAE04EC0-301F-11D3-BF4B-00C04F79EFBC}") = "WindowCons", "WindowCons\WindowCons.csproj", "{8BB55369-38FC-4D9E-A37B-5CA6B2FB99D0}"
EndProject
Global
	GlobalSection(SolutionConfigurationPlatforms) = preSolution
		Debug|Any CPU = Debug|Any CPU
		Release|Any CPU = Release|Any CPU
	EndGlobalSection
	GlobalSection(ProjectConfigurationPlatforms) = postSolution
		{8BB55369-38FC-4D9E-A37B-5CA6B2FB99D0}.Debug|Any CPU.ActiveCfg = Debug|Any CPU
		{8BB55369-38FC-4D9E-A37B-5CA6B2FB99D0}.Debug|Any CPU.Build.0 = Debug|Any CPU
		{8BB55369-38FC-4D9E-A37B-5CA6B2FB99D0}.Release|Any CPU.ActiveCfg = Release|Any CPU
		{8BB55369-38FC-4D9E-A37B-5CA6B2FB99D0}.Release|Any CPU.Build.0 = Release|Any CPU
	EndGlobalSection
	GlobalSection(SolutionProperties) = preSolution
		HideSolutionNode = FALSE
	EndGlobalSection
	GlobalSection(ExtensibilityGlobals) = postSolution
		SolutionGuid = {FCF55287-BA43-45D8-A232-263BB1D66256}
	EndGlobalSection
EndGlobal
